
Microsoft Visual Studio Solution File, Format Version 12.00
# Visual Studio Version 17
VisualStudioVersion = 17.11.35303.130
MinimumVisualStudioVersion = 10.0.40219.1
Project("{FAE04EC0-301F-11D3-BF4B-00C04F79EFBC}") = "WebAPIMvc5AGiordano", "WebAPIMvc5AGiordano\WebAPIMvc5AGiordano.csproj", "{BA5FEB78-0DF4-4BFF-9CF5-3531FEC4F1A1}"
EndProject
Project("{FAE04EC0-301F-11D3-BF4B-00C04F79EFBC}") = "LibAPI5AGiordano", "LibAPI5AGiordano\LibAPI5AGiordano.csproj", "{BA78D09D-0430-413B-A99E-84F7EF62E326}"
EndProject
Global
	GlobalSection(SolutionConfigurationPlatforms) = preSolution
		Debug|Any CPU = Debug|Any CPU
		Release|Any CPU = Release|Any CPU
	EndGlobalSection
	GlobalSection(ProjectConfigurationPlatforms) = postSolution
		{BA5FEB78-0DF4-4BFF-9CF5-3531FEC4F1A1}.Debug|Any CPU.ActiveCfg = Debug|Any CPU
		{BA5FEB78-0DF4-4BFF-9CF5-3531FEC4F1A1}.Debug|Any CPU.Build.0 = Debug|Any CPU
		{BA5FEB78-0DF4-4BFF-9CF5-3531FEC4F1A1}.Release|Any CPU.ActiveCfg = Release|Any CPU
		{BA5FEB78-0DF4-4BFF-9CF5-3531FEC4F1A1}.Release|Any CPU.Build.0 = Release|Any CPU
		{BA78D09D-0430-413B-A99E-84F7EF62E326}.Debug|Any CPU.ActiveCfg = Debug|Any CPU
		{BA78D09D-0430-413B-A99E-84F7EF62E326}.Debug|Any CPU.Build.0 = Debug|Any CPU
		{BA78D09D-0430-413B-A99E-84F7EF62E326}.Release|Any CPU.ActiveCfg = Release|Any CPU
		{BA78D09D-0430-413B-A99E-84F7EF62E326}.Release|Any CPU.Build.0 = Release|Any CPU
	EndGlobalSection
	GlobalSection(SolutionProperties) = preSolution
		HideSolutionNode = FALSE
	EndGlobalSection
	GlobalSection(ExtensibilityGlobals) = postSolution
		SolutionGuid = {E9AD626C-E48B-453D-91B1-C889E600B7D9}
	EndGlobalSection
EndGlobal
